{
  "nodes": {
    "nixpkgs": {
      "locked": {
        "lastModified": 1687898314,
        "narHash": "sha256-B4BHon3uMXQw8ZdbwxRK1BmxVOGBV4viipKpGaIlGwk=",
        "path": "/nix/store/p1p2fx28c9ayy77igq1msgv6rhw5hklz-source",
        "rev": "e18dc963075ed115afb3e312b64643bf8fd4b474",
        "type": "path"
      },
      "original": {
        "id": "nixpkgs",
        "type": "indirect"
      }
    },
    "root": {
      "inputs": {
        "nixpkgs": "nixpkgs"
      }
    }
  },
  "root": "root",
  "version": 7
}
