{
  "nodes": {
    "nixpkgs": {
      "locked": {
        "lastModified": 1681828457,
        "narHash": "sha256-o4Zvs309HOhrNeVloPKqangcKHobsggVt6GFbnEPZlQ=",
        "path": "/nix/store/qj565ha0ix6l30118j5i3j6vmhnb1n3y-source",
        "rev": "555daa9d339b3df75e58ee558a4fec98ea92521e",
        "type": "path"
      },
      "original": {
        "id": "nixpkgs",
        "type": "indirect"
      }
    },
    "root": {
      "inputs": {
        "nixpkgs": "nixpkgs"
      }
    }
  },
  "root": "root",
  "version": 7
}
